
Microsoft Visual Studio Solution File, Format Version 12.00
# Visual Studio Version 16
VisualStudioVersion = 16.0.30717.126
MinimumVisualStudioVersion = 10.0.40219.1
Project("{9A19103F-16F7-4668-BE54-9A1E7A4F7556}") = "exercise1-csharp-automation", "exercise1-csharp-automation\exercise1-csharp-automation.csproj", "{A1ACC6EB-E9B8-4BD3-8220-A47CB5395B59}"
EndProject
Project("{2150E333-8FDC-42A3-9474-1A3956D46DE8}") = "Drivers", "Drivers", "{FFFAA5F9-B5BB-4278-84CC-8AB0F3FAEF1D}"
	ProjectSection(SolutionItems) = preProject
		..\..\..\Downloads\chromedriver_win32\chromedriver.exe = ..\..\..\Downloads\chromedriver_win32\chromedriver.exe
		..\..\..\Downloads\geckodriver-v0.28.0-win64\geckodriver.exe = ..\..\..\Downloads\geckodriver-v0.28.0-win64\geckodriver.exe
		..\..\..\Downloads\IEDriverServer_x64_3.9.0\IEDriverServer.exe = ..\..\..\Downloads\IEDriverServer_x64_3.9.0\IEDriverServer.exe
	EndProjectSection
EndProject
Global
	GlobalSection(SolutionConfigurationPlatforms) = preSolution
		Debug|Any CPU = Debug|Any CPU
		Release|Any CPU = Release|Any CPU
	EndGlobalSection
	GlobalSection(ProjectConfigurationPlatforms) = postSolution
		{A1ACC6EB-E9B8-4BD3-8220-A47CB5395B59}.Debug|Any CPU.ActiveCfg = Debug|Any CPU
		{A1ACC6EB-E9B8-4BD3-8220-A47CB5395B59}.Debug|Any CPU.Build.0 = Debug|Any CPU
		{A1ACC6EB-E9B8-4BD3-8220-A47CB5395B59}.Release|Any CPU.ActiveCfg = Release|Any CPU
		{A1ACC6EB-E9B8-4BD3-8220-A47CB5395B59}.Release|Any CPU.Build.0 = Release|Any CPU
	EndGlobalSection
	GlobalSection(SolutionProperties) = preSolution
		HideSolutionNode = FALSE
	EndGlobalSection
	GlobalSection(ExtensibilityGlobals) = postSolution
		SolutionGuid = {1C3B1ED6-3CAE-4547-8B8E-2299308168B2}
	EndGlobalSection
EndGlobal
